
Microsoft Visual Studio Solution File, Format Version 11.00
# Visual Studio 2010
Project("{FAE04EC0-301F-11D3-BF4B-00C04F79EFBC}") = "PRJ666", "Assembly-CSharp.csproj", "{DA21AE12-698F-6D68-BF26-64FA6FFA6BCB}"
EndProject
Global
	GlobalSection(SolutionConfigurationPlatforms) = preSolution
		Debug|Any CPU = Debug|Any CPU
		Release|Any CPU = Release|Any CPU
	EndGlobalSection
	GlobalSection(ProjectConfigurationPlatforms) = postSolution
		{DA21AE12-698F-6D68-BF26-64FA6FFA6BCB}.Debug|Any CPU.ActiveCfg = Debug|Any CPU
		{DA21AE12-698F-6D68-BF26-64FA6FFA6BCB}.Debug|Any CPU.Build.0 = Debug|Any CPU
		{DA21AE12-698F-6D68-BF26-64FA6FFA6BCB}.Release|Any CPU.ActiveCfg = Release|Any CPU
		{DA21AE12-698F-6D68-BF26-64FA6FFA6BCB}.Release|Any CPU.Build.0 = Release|Any CPU
	EndGlobalSection
	GlobalSection(SolutionProperties) = preSolution
		HideSolutionNode = FALSE
	EndGlobalSection
	GlobalSection(MonoDevelopProperties) = preSolution
		StartupItem = Assembly-CSharp.csproj
	EndGlobalSection
EndGlobal
